
Microsoft Visual Studio Solution File, Format Version 12.00
# Visual Studio Version 16
VisualStudioVersion = 16.0.30330.147
MinimumVisualStudioVersion = 10.0.40219.1
Project("{FAE04EC0-301F-11D3-BF4B-00C04F79EFBC}") = "Seal's Calculator", "Seal's Calculator\Seal's Calculator.csproj", "{360D9832-FC68-4DD4-8260-5079D428F99D}"
EndProject
Global
	GlobalSection(SolutionConfigurationPlatforms) = preSolution
		Debug|Any CPU = Debug|Any CPU
		Release|Any CPU = Release|Any CPU
	EndGlobalSection
	GlobalSection(ProjectConfigurationPlatforms) = postSolution
		{360D9832-FC68-4DD4-8260-5079D428F99D}.Debug|Any CPU.ActiveCfg = Debug|Any CPU
		{360D9832-FC68-4DD4-8260-5079D428F99D}.Debug|Any CPU.Build.0 = Debug|Any CPU
		{360D9832-FC68-4DD4-8260-5079D428F99D}.Release|Any CPU.ActiveCfg = Release|Any CPU
		{360D9832-FC68-4DD4-8260-5079D428F99D}.Release|Any CPU.Build.0 = Release|Any CPU
	EndGlobalSection
	GlobalSection(SolutionProperties) = preSolution
		HideSolutionNode = FALSE
	EndGlobalSection
	GlobalSection(ExtensibilityGlobals) = postSolution
		SolutionGuid = {F8043662-E102-4400-8B1C-0F2CEE2FE15A}
	EndGlobalSection
EndGlobal
